
Microsoft Visual Studio Solution File, Format Version 12.00
# Visual Studio Version 16
VisualStudioVersion = 16.0.28803.156
MinimumVisualStudioVersion = 10.0.40219.1
Project("{FAE04EC0-301F-11D3-BF4B-00C04F79EFBC}") = "FileTrans", "FileTrans\FileTrans.csproj", "{005D4C56-6047-44E1-8195-10628B9B0F15}"
EndProject
Global
	GlobalSection(SolutionConfigurationPlatforms) = preSolution
		Debug|Any CPU = Debug|Any CPU
		Release|Any CPU = Release|Any CPU
	EndGlobalSection
	GlobalSection(ProjectConfigurationPlatforms) = postSolution
		{005D4C56-6047-44E1-8195-10628B9B0F15}.Debug|Any CPU.ActiveCfg = Debug|Any CPU
		{005D4C56-6047-44E1-8195-10628B9B0F15}.Debug|Any CPU.Build.0 = Debug|Any CPU
		{005D4C56-6047-44E1-8195-10628B9B0F15}.Release|Any CPU.ActiveCfg = Release|Any CPU
		{005D4C56-6047-44E1-8195-10628B9B0F15}.Release|Any CPU.Build.0 = Release|Any CPU
	EndGlobalSection
	GlobalSection(SolutionProperties) = preSolution
		HideSolutionNode = FALSE
	EndGlobalSection
	GlobalSection(ExtensibilityGlobals) = postSolution
		SolutionGuid = {73F27434-BCD5-43D5-B432-A8ED8673BC3B}
	EndGlobalSection
EndGlobal
